PODS:
  - SwiftyJSON (2.3.2)

DEPENDENCIES:
  - SwiftyJSON (from `https://github.com/IBM-Swift/SwiftyJSON.git`, tag `14.2.0`)

EXTERNAL SOURCES:
  SwiftyJSON:
    :git: https://github.com/IBM-Swift/SwiftyJSON.git
    :tag: 14.2.0

CHECKOUT OPTIONS:
  SwiftyJSON:
    :git: https://github.com/IBM-Swift/SwiftyJSON.git
    :tag: 14.2.0

SPEC CHECKSUMS:
  SwiftyJSON: 04ccea08915aa0109039157c7974cf0298da292a

PODFILE CHECKSUM: 123cbe12349383a759bcf620140d6ebfa527bb36

COCOAPODS: 1.0.1
